# This file is autogenerated, do not edit; changes may be undone by the next 'dep ensure'.


[[projects]]
  branch = "master"
  digest = "1:9172be69737d3c03d37905f7adab75cfc02973a7d8a84e18dd5d6186f40c46f1"
  name = "github.com/bitspill/flod"
  packages = [
    "chaincfg",
    "chaincfg/chainhash",
    "floec",
    "flojson",
    "txscript",
    "wire",
  ]
  pruneopts = "UT"
  revision = "15bb215c2f057c8f0c8f2b10a9cddc54e777c81e"

[[projects]]
  branch = "master"
  digest = "1:dd13670df2d9147341e4accd1c3d050c402cd93fa807c2d1bda47fe5a3072ec1"
  name = "github.com/bitspill/floutil"
  packages = [
    ".",
    "base58",
    "bech32",
  ]
  pruneopts = "UT"
  revision = "986e42f96cdbe75a773f74a4c98d52dfdaea36a6"

[[projects]]
  branch = "master"
  digest = "1:30d4a548e09bca4a0c77317c58e7407e2a65c15325e944f9c08a7b7992f8a59e"
  name = "github.com/btcsuite/btclog"
  packages = ["."]
  pruneopts = "UT"
  revision = "84c8d2346e9fc8c7b947e243b9c24e6df9fd206a"

[[projects]]
  branch = "master"
  digest = "1:7276fc0196ec0ac74b756b8b2313d1a4a4eb54c0715cc045b3a4275cd6003974"
  name = "golang.org/x/crypto"
  packages = [
    "pbkdf2",
    "ripemd160",
    "scrypt",
  ]
  pruneopts = "UT"
  revision = "71b5226ff73902d121cd9dbbdfdb67045a805845"

[solve-meta]
  analyzer-name = "dep"
  analyzer-version = 1
  input-imports = [
    "github.com/bitspill/flod/chaincfg",
    "github.com/bitspill/flod/chaincfg/chainhash",
    "github.com/bitspill/flod/floec",
    "github.com/bitspill/flod/flojson",
    "github.com/bitspill/flod/txscript",
    "github.com/bitspill/flod/wire",
    "github.com/bitspill/floutil",
  ]
  solver-name = "gps-cdcl"
  solver-version = 1
